
Microsoft Visual Studio Solution File, Format Version 12.00
# Visual Studio Version 17
VisualStudioVersion = 17.7.34003.232
MinimumVisualStudioVersion = 10.0.40219.1
Project("{9A19103F-16F7-4668-BE54-9A1E7A4F7556}") = "WebApplication1", "WebApplication1.csproj", "{D8A39C05-D46D-4215-AD44-7192DA447FF8}"
EndProject
Global
	GlobalSection(SolutionConfigurationPlatforms) = preSolution
		Debug|Any CPU = Debug|Any CPU
		Release|Any CPU = Release|Any CPU
	EndGlobalSection
	GlobalSection(ProjectConfigurationPlatforms) = postSolution
		{D8A39C05-D46D-4215-AD44-7192DA447FF8}.Debug|Any CPU.ActiveCfg = Debug|Any CPU
		{D8A39C05-D46D-4215-AD44-7192DA447FF8}.Debug|Any CPU.Build.0 = Debug|Any CPU
		{D8A39C05-D46D-4215-AD44-7192DA447FF8}.Release|Any CPU.ActiveCfg = Release|Any CPU
		{D8A39C05-D46D-4215-AD44-7192DA447FF8}.Release|Any CPU.Build.0 = Release|Any CPU
	EndGlobalSection
	GlobalSection(SolutionProperties) = preSolution
		HideSolutionNode = FALSE
	EndGlobalSection
	GlobalSection(ExtensibilityGlobals) = postSolution
		SolutionGuid = {A460BB84-6075-4A3B-839D-9D1FE56B89AF}
	EndGlobalSection
EndGlobal
